
Microsoft Visual Studio Solution File, Format Version 12.00
# Visual Studio Version 17
VisualStudioVersion = 17.7.34024.191
MinimumVisualStudioVersion = 10.0.40219.1
Project("{9A19103F-16F7-4668-BE54-9A1E7A4F7556}") = "Microsoft.Teams.Apps.CompanyCommunicator.Redirector", "Microsoft.Teams.Apps.CompanyCommunicator.Redirector.csproj", "{B25B9E11-350E-4FA6-99CC-D9BFC5ED65A6}"
EndProject
Global
	GlobalSection(SolutionConfigurationPlatforms) = preSolution
		Debug|Any CPU = Debug|Any CPU
		Release|Any CPU = Release|Any CPU
	EndGlobalSection
	GlobalSection(ProjectConfigurationPlatforms) = postSolution
		{B25B9E11-350E-4FA6-99CC-D9BFC5ED65A6}.Debug|Any CPU.ActiveCfg = Debug|Any CPU
		{B25B9E11-350E-4FA6-99CC-D9BFC5ED65A6}.Debug|Any CPU.Build.0 = Debug|Any CPU
		{B25B9E11-350E-4FA6-99CC-D9BFC5ED65A6}.Release|Any CPU.ActiveCfg = Release|Any CPU
		{B25B9E11-350E-4FA6-99CC-D9BFC5ED65A6}.Release|Any CPU.Build.0 = Release|Any CPU
	EndGlobalSection
	GlobalSection(SolutionProperties) = preSolution
		HideSolutionNode = FALSE
	EndGlobalSection
	GlobalSection(ExtensibilityGlobals) = postSolution
		SolutionGuid = {363529C1-00D8-41E5-A69A-C146E0695E1A}
	EndGlobalSection
EndGlobal
